// !$*UTF8*$!
{
	archiveVersion = 1;
	classes = {
	};
	objectVersion = 55;
	objects = {

/* Begin PBXBuildFile section */
		B40F51142857CDD8008F7B55 /* SwiftChatApp.swift in Sources */ = {isa = PBXBuildFile; fileRef = B40F51132857CDD8008F7B55 /* SwiftChatApp.swift */; };
		B40F51162857CDD8008F7B55 /* LandingView.swift in Sources */ = {isa = PBXBuildFile; fileRef = B40F51152857CDD8008F7B55 /* LandingView.swift */; };
		B40F51182857CDDD008F7B55 /* Assets.xcassets in Resources */ = {isa = PBXBuildFile; fileRef = B40F51172857CDDD008F7B55 /* Assets.xcassets */; };
		B40F511B2857CDDD008F7B55 /* Preview Assets.xcassets in Resources */ = {isa = PBXBuildFile; fileRef = B40F511A2857CDDD008F7B55 /* Preview Assets.xcassets */; };
		B43FA5202857EEE10085A404 /* ImagePicker.swift in Sources */ = {isa = PBXBuildFile; fileRef = B43FA51F2857EEE10085A404 /* ImagePicker.swift */; };
		B4946FC5286B9F1D00D92DFC /* FirebaseManager.swift in Sources */ = {isa = PBXBuildFile; fileRef = B4946FC4286B9F1D00D92DFC /* FirebaseManager.swift */; };
		B4946FC8286BA8C500D92DFC /* SDWebImageSwiftUI in Frameworks */ = {isa = PBXBuildFile; productRef = B4946FC7286BA8C500D92DFC /* SDWebImageSwiftUI */; };
		B4DB5DF62859296800ED2B6A /* GoogleService-Info.plist in Resources */ = {isa = PBXBuildFile; fileRef = B4DB5DF52859296800ED2B6A /* GoogleService-Info.plist */; };
		B4DB5E22285935B200ED2B6A /* FirebaseAuth in Frameworks */ = {isa = PBXBuildFile; productRef = B4DB5E21285935B200ED2B6A /* FirebaseAuth */; };
		B4DB5E24285935B200ED2B6A /* FirebaseFirestore in Frameworks */ = {isa = PBXBuildFile; productRef = B4DB5E23285935B200ED2B6A /* FirebaseFirestore */; };
		B4DB5E26285935B200ED2B6A /* FirebaseStorage in Frameworks */ = {isa = PBXBuildFile; productRef = B4DB5E25285935B200ED2B6A /* FirebaseStorage */; };
		B4DB5E2928594ACD00ED2B6A /* MessageView.swift in Sources */ = {isa = PBXBuildFile; fileRef = B4DB5E2828594ACD00ED2B6A /* MessageView.swift */; };
/* End PBXBuildFile section */

/* Begin PBXFileReference section */
		B40F51102857CDD8008F7B55 /* SwiftChat.app */ = {isa = PBXFileReference; explicitFileType = wrapper.application; includeInIndex = 0; path = SwiftChat.app; sourceTree = BUILT_PRODUCTS_DIR; };
		B40F51132857CDD8008F7B55 /* SwiftChatApp.swift */ = {isa = PBXFileReference; lastKnownFileType = sourcecode.swift; path = SwiftChatApp.swift; sourceTree = "<group>"; };
		B40F51152857CDD8008F7B55 /* LandingView.swift */ = {isa = PBXFileReference; lastKnownFileType = sourcecode.swift; path = LandingView.swift; sourceTree = "<group>"; };
		B40F51172857CDDD008F7B55 /* Assets.xcassets */ = {isa = PBXFileReference; lastKnownFileType = folder.assetcatalog; path = Assets.xcassets; sourceTree = "<group>"; };
		B40F511A2857CDDD008F7B55 /* Preview Assets.xcassets */ = {isa = PBXFileReference; lastKnownFileType = folder.assetcatalog; path = "Preview Assets.xcassets"; sourceTree = "<group>"; };
		B43FA51F2857EEE10085A404 /* ImagePicker.swift */ = {isa = PBXFileReference; lastKnownFileType = sourcecode.swift; path = ImagePicker.swift; sourceTree = "<group>"; };
		B4946FC4286B9F1D00D92DFC /* FirebaseManager.swift */ = {isa = PBXFileReference; lastKnownFileType = sourcecode.swift; path = FirebaseManager.swift; sourceTree = "<group>"; };
		B4DB5DF52859296800ED2B6A /* GoogleService-Info.plist */ = {isa = PBXFileReference; fileEncoding = 4; lastKnownFileType = text.plist.xml; path = "GoogleService-Info.plist"; sourceTree = "<group>"; };
		B4DB5E2828594ACD00ED2B6A /* MessageView.swift */ = {isa = PBXFileReference; lastKnownFileType = sourcecode.swift; path = MessageView.swift; sourceTree = "<group>"; };
/* End PBXFileReference section */

/* Begin PBXFrameworksBuildPhase section */
		B40F510D2857CDD8008F7B55 /* Frameworks */ = {
			isa = PBXFrameworksBuildPhase;
			buildActionMask = 2147483647;
			files = (
				B4946FC8286BA8C500D92DFC /* SDWebImageSwiftUI in Frameworks */,
				B4DB5E22285935B200ED2B6A /* FirebaseAuth in Frameworks */,
				B4DB5E24285935B200ED2B6A /* FirebaseFirestore in Frameworks */,
				B4DB5E26285935B200ED2B6A /* FirebaseStorage in Frameworks */,
			);
			runOnlyForDeploymentPostprocessing = 0;
		};
/* End PBXFrameworksBuildPhase section */

/* Begin PBXGroup section */
		B40F51072857CDD8008F7B55 = {
			isa = PBXGroup;
			children = (
				B40F51122857CDD8008F7B55 /* SwiftChat */,
				B40F51112857CDD8008F7B55 /* Products */,
			);
			sourceTree = "<group>";
		};
		B40F51112857CDD8008F7B55 /* Products */ = {
			isa = PBXGroup;
			children = (
				B40F51102857CDD8008F7B55 /* SwiftChat.app */,
			);
			name = Products;
			sourceTree = "<group>";
		};
		B40F51122857CDD8008F7B55 /* SwiftChat */ = {
			isa = PBXGroup;
			children = (
				B4946FC3286B9EF600D92DFC /* Utils */,
				B4DB5E2728594A9800ED2B6A /* Messages */,
				B40F51132857CDD8008F7B55 /* SwiftChatApp.swift */,
				B40F51152857CDD8008F7B55 /* LandingView.swift */,
				B4DB5DF52859296800ED2B6A /* GoogleService-Info.plist */,
				B40F51172857CDDD008F7B55 /* Assets.xcassets */,
				B40F51192857CDDD008F7B55 /* Preview Content */,
				B43FA51F2857EEE10085A404 /* ImagePicker.swift */,
			);
			path = SwiftChat;
			sourceTree = "<group>";
		};
		B40F51192857CDDD008F7B55 /* Preview Content */ = {
			isa = PBXGroup;
			children = (
				B40F511A2857CDDD008F7B55 /* Preview Assets.xcassets */,
			);
			path = "Preview Content";
			sourceTree = "<group>";
		};
		B4946FC3286B9EF600D92DFC /* Utils */ = {
			isa = PBXGroup;
			children = (
				B4946FC4286B9F1D00D92DFC /* FirebaseManager.swift */,
			);
			path = Utils;
			sourceTree = "<group>";
		};
		B4DB5E2728594A9800ED2B6A /* Messages */ = {
			isa = PBXGroup;
			children = (
				B4DB5E2828594ACD00ED2B6A /* MessageView.swift */,
			);
			path = Messages;
			sourceTree = "<group>";
		};
/* End PBXGroup section */

/* Begin PBXNativeTarget section */
		B40F510F2857CDD8008F7B55 /* SwiftChat */ = {
			isa = PBXNativeTarget;
			buildConfigurationList = B40F511E2857CDDD008F7B55 /* Build configuration list for PBXNativeTarget "SwiftChat" */;
			buildPhases = (
				B40F510C2857CDD8008F7B55 /* Sources */,
				B40F510D2857CDD8008F7B55 /* Frameworks */,
				B40F510E2857CDD8008F7B55 /* Resources */,
			);
			buildRules = (
			);
			dependencies = (
			);
			name = SwiftChat;
			packageProductDependencies = (
				B4DB5E21285935B200ED2B6A /* FirebaseAuth */,
				B4DB5E23285935B200ED2B6A /* FirebaseFirestore */,
				B4DB5E25285935B200ED2B6A /* FirebaseStorage */,
				B4946FC7286BA8C500D92DFC /* SDWebImageSwiftUI */,
			);
			productName = SwiftChat;
			productReference = B40F51102857CDD8008F7B55 /* SwiftChat.app */;
			productType = "com.apple.product-type.application";
		};
/* End PBXNativeTarget section */

/* Begin PBXProject section */
		B40F51082857CDD8008F7B55 /* Project object */ = {
			isa = PBXProject;
			attributes = {
				BuildIndependentTargetsInParallel = 1;
				LastSwiftUpdateCheck = 1340;
				LastUpgradeCheck = 1340;
				TargetAttributes = {
					B40F510F2857CDD8008F7B55 = {
						CreatedOnToolsVersion = 13.4.1;
					};
				};
			};
			buildConfigurationList = B40F510B2857CDD8008F7B55 /* Build configuration list for PBXProject "SwiftChat" */;
			compatibilityVersion = "Xcode 13.0";
			developmentRegion = en;
			hasScannedForEncodings = 0;
			knownRegions = (
				en,
				Base,
			);
			mainGroup = B40F51072857CDD8008F7B55;
			packageReferences = (
				B4DB5E20285935B200ED2B6A /* XCRemoteSwiftPackageReference "firebase-ios-sdk" */,
				B4946FC6286BA8C400D92DFC /* XCRemoteSwiftPackageReference "SDWebImageSwiftUI" */,
			);
			productRefGroup = B40F51112857CDD8008F7B55 /* Products */;
			projectDirPath = "";
			projectRoot = "";
			targets = (
				B40F510F2857CDD8008F7B55 /* SwiftChat */,
			);
		};
/* End PBXProject section */

/* Begin PBXResourcesBuildPhase section */
		B40F510E2857CDD8008F7B55 /* Resources */ = {
			isa = PBXResourcesBuildPhase;
			buildActionMask = 2147483647;
			files = (
				B40F511B2857CDDD008F7B55 /* Preview Assets.xcassets in Resources */,
				B40F51182857CDDD008F7B55 /* Assets.xcassets in Resources */,
				B4DB5DF62859296800ED2B6A /* GoogleService-Info.plist in Resources */,
			);
			runOnlyForDeploymentPostprocessing = 0;
		};
/* End PBXResourcesBuildPhase section */

/* Begin PBXSourcesBuildPhase section */
		B40F510C2857CDD8008F7B55 /* Sources */ = {
			isa = PBXSourcesBuildPhase;
			buildActionMask = 2147483647;
			files = (
				B4DB5E2928594ACD00ED2B6A /* MessageView.swift in Sources */,
				B43FA5202857EEE10085A404 /* ImagePicker.swift in Sources */,
				B4946FC5286B9F1D00D92DFC /* FirebaseManager.swift in Sources */,
				B40F51162857CDD8008F7B55 /* LandingView.swift in Sources */,
				B40F51142857CDD8008F7B55 /* SwiftChatApp.swift in Sources */,
			);
			runOnlyForDeploymentPostprocessing = 0;
		};
/* End PBXSourcesBuildPhase section */

/* Begin XCBuildConfiguration section */
		B40F511C2857CDDD008F7B55 /* Debug */ = {
			isa = XCBuildConfiguration;
			buildSettings = {
				ALWAYS_SEARCH_USER_PATHS = NO;
				CLANG_ANALYZER_NONNULL = YES;
				CLANG_ANALYZER_NUMBER_OBJECT_CONVERSION = YES_AGGRESSIVE;
				CLANG_CXX_LANGUAGE_STANDARD = "gnu++17";
				CLANG_ENABLE_MODULES = YES;
				CLANG_ENABLE_OBJC_ARC = YES;
				CLANG_ENABLE_OBJC_WEAK = YES;
				CLANG_WARN_BLOCK_CAPTURE_AUTORELEASING = YES;
				CLANG_WARN_BOOL_CONVERSION = YES;
				CLANG_WARN_COMMA = YES;
				CLANG_WARN_CONSTANT_CONVERSION = YES;
				CLANG_WARN_DEPRECATED_OBJC_IMPLEMENTATIONS = YES;
				CLANG_WARN_DIRECT_OBJC_ISA_USAGE = YES_ERROR;
				CLANG_WARN_DOCUMENTATION_COMMENTS = YES;
				CLANG_WARN_EMPTY_BODY = YES;
				CLANG_WARN_ENUM_CONVERSION = YES;
				CLANG_WARN_INFINITE_RECURSION = YES;
				CLANG_WARN_INT_CONVERSION = YES;
				CLANG_WARN_NON_LITERAL_NULL_CONVERSION = YES;
				CLANG_WARN_OBJC_IMPLICIT_RETAIN_SELF = YES;
				CLANG_WARN_OBJC_LITERAL_CONVERSION = YES;
				CLANG_WARN_OBJC_ROOT_CLASS = YES_ERROR;
				CLANG_WARN_QUOTED_INCLUDE_IN_FRAMEWORK_HEADER = YES;
				CLANG_WARN_RANGE_LOOP_ANALYSIS = YES;
				CLANG_WARN_STRICT_PROTOTYPES = YES;
				CLANG_WARN_SUSPICIOUS_MOVE = YES;
				CLANG_WARN_UNGUARDED_AVAILABILITY = YES_AGGRESSIVE;
				CLANG_WARN_UNREACHABLE_CODE = YES;
				CLANG_WARN__DUPLICATE_METHOD_MATCH = YES;
				COPY_PHASE_STRIP = NO;
				DEBUG_INFORMATION_FORMAT = dwarf;
				ENABLE_STRICT_OBJC_MSGSEND = YES;
				ENABLE_TESTABILITY = YES;
				GCC_C_LANGUAGE_STANDARD = gnu11;
				GCC_DYNAMIC_NO_PIC = NO;
				GCC_NO_COMMON_BLOCKS = YES;
				GCC_OPTIMIZATION_LEVEL = 0;
				GCC_PREPROCESSOR_DEFINITIONS = (
					"DEBUG=1",
					"$(inherited)",
				);
				GCC_WARN_64_TO_32_BIT_CONVERSION = YES;
				GCC_WARN_ABOUT_RETURN_TYPE = YES_ERROR;
				GCC_WARN_UNDECLARED_SELECTOR = YES;
				GCC_WARN_UNINITIALIZED_AUTOS = YES_AGGRESSIVE;
				GCC_WARN_UNUSED_FUNCTION = YES;
				GCC_WARN_UNUSED_VARIABLE = YES;
				IPHONEOS_DEPLOYMENT_TARGET = 15.5;
				MTL_ENABLE_DEBUG_INFO = INCLUDE_SOURCE;
				MTL_FAST_MATH = YES;
				ONLY_ACTIVE_ARCH = YES;
				SDKROOT = iphoneos;
				SWIFT_ACTIVE_COMPILATION_CONDITIONS = DEBUG;
				SWIFT_OPTIMIZATION_LEVEL = "-Onone";
			};
			name = Debug;
		};
		B40F511D2857CDDD008F7B55 /* Release */ = {
			isa = XCBuildConfiguration;
			buildSettings = {
				ALWAYS_SEARCH_USER_PATHS = NO;
				CLANG_ANALYZER_NONNULL = YES;
				CLANG_ANALYZER_NUMBER_OBJECT_CONVERSION = YES_AGGRESSIVE;
				CLANG_CXX_LANGUAGE_STANDARD = "gnu++17";
				CLANG_ENABLE_MODULES = YES;
				CLANG_ENABLE_OBJC_ARC = YES;
				CLANG_ENABLE_OBJC_WEAK = YES;
				CLANG_WARN_BLOCK_CAPTURE_AUTORELEASING = YES;
				CLANG_WARN_BOOL_CONVERSION = YES;
				CLANG_WARN_COMMA = YES;
				CLANG_WARN_CONSTANT_CONVERSION = YES;
				CLANG_WARN_DEPRECATED_OBJC_IMPLEMENTATIONS = YES;
				CLANG_WARN_DIRECT_OBJC_ISA_USAGE = YES_ERROR;
				CLANG_WARN_DOCUMENTATION_COMMENTS = YES;
				CLANG_WARN_EMPTY_BODY = YES;
				CLANG_WARN_ENUM_CONVERSION = YES;
				CLANG_WARN_INFINITE_RECURSION = YES;
				CLANG_WARN_INT_CONVERSION = YES;
				CLANG_WARN_NON_LITERAL_NULL_CONVERSION = YES;
				CLANG_WARN_OBJC_IMPLICIT_RETAIN_SELF = YES;
				CLANG_WARN_OBJC_LITERAL_CONVERSION = YES;
				CLANG_WARN_OBJC_ROOT_CLASS = YES_ERROR;
				CLANG_WARN_QUOTED_INCLUDE_IN_FRAMEWORK_HEADER = YES;
				CLANG_WARN_RANGE_LOOP_ANALYSIS = YES;
				CLANG_WARN_STRICT_PROTOTYPES = YES;
				CLANG_WARN_SUSPICIOUS_MOVE = YES;
				CLANG_WARN_UNGUARDED_AVAILABILITY = YES_AGGRESSIVE;
				CLANG_WARN_UNREACHABLE_CODE = YES;
				CLANG_WARN__DUPLICATE_METHOD_MATCH = YES;
				COPY_PHASE_STRIP = NO;
				DEBUG_INFORMATION_FORMAT = "dwarf-with-dsym";
				ENABLE_NS_ASSERTIONS = NO;
				ENABLE_STRICT_OBJC_MSGSEND = YES;
				GCC_C_LANGUAGE_STANDARD = gnu11;
				GCC_NO_COMMON_BLOCKS = YES;
				GCC_WARN_64_TO_32_BIT_CONVERSION = YES;
				GCC_WARN_ABOUT_RETURN_TYPE = YES_ERROR;
				GCC_WARN_UNDECLARED_SELECTOR = YES;
				GCC_WARN_UNINITIALIZED_AUTOS = YES_AGGRESSIVE;
				GCC_WARN_UNUSED_FUNCTION = YES;
				GCC_WARN_UNUSED_VARIABLE = YES;
				IPHONEOS_DEPLOYMENT_TARGET = 15.5;
				MTL_ENABLE_DEBUG_INFO = NO;
				MTL_FAST_MATH = YES;
				SDKROOT = iphoneos;
				SWIFT_COMPILATION_MODE = wholemodule;
				SWIFT_OPTIMIZATION_LEVEL = "-O";
				VALIDATE_PRODUCT = YES;
			};
			name = Release;
		};
		B40F511F2857CDDD008F7B55 /* Debug */ = {
			isa = XCBuildConfiguration;
			buildSettings = {
				ASSETCATALOG_COMPILER_APPICON_NAME = AppIcon;
				ASSETCATALOG_COMPILER_GLOBAL_ACCENT_COLOR_NAME = AccentColor;
				CODE_SIGN_STYLE = Automatic;
				CURRENT_PROJECT_VERSION = 1;
				DEVELOPMENT_ASSET_PATHS = "\"SwiftChat/Preview Content\"";
				DEVELOPMENT_TEAM = 22DQRT3ZLU;
				ENABLE_PREVIEWS = YES;
				GENERATE_INFOPLIST_FILE = YES;
				INFOPLIST_KEY_UIApplicationSceneManifest_Generation = YES;
				INFOPLIST_KEY_UIApplicationSupportsIndirectInputEvents = YES;
				INFOPLIST_KEY_UILaunchScreen_Generation = YES;
				INFOPLIST_KEY_UISupportedInterfaceOrientations_iPad = "UIInterfaceOrientationPortrait UIInterfaceOrientationPortraitUpsideDown UIInterfaceOrientationLandscapeLeft UIInterfaceOrientationLandscapeRight";
				INFOPLIST_KEY_UISupportedInterfaceOrientations_iPhone = "UIInterfaceOrientationPortrait UIInterfaceOrientationLandscapeLeft UIInterfaceOrientationLandscapeRight";
				LD_RUNPATH_SEARCH_PATHS = (
					"$(inherited)",
					"@executable_path/Frameworks",
				);
				MARKETING_VERSION = 1.0;
				PRODUCT_BUNDLE_IDENTIFIER = com.kevvo.SwiftChat;
				PRODUCT_NAME = "$(TARGET_NAME)";
				SWIFT_EMIT_LOC_STRINGS = YES;
				SWIFT_VERSION = 5.0;
				TARGETED_DEVICE_FAMILY = "1,2";
			};
			name = Debug;
		};
		B40F51202857CDDD008F7B55 /* Release */ = {
			isa = XCBuildConfiguration;
			buildSettings = {
				ASSETCATALOG_COMPILER_APPICON_NAME = AppIcon;
				ASSETCATALOG_COMPILER_GLOBAL_ACCENT_COLOR_NAME = AccentColor;
				CODE_SIGN_STYLE = Automatic;
				CURRENT_PROJECT_VERSION = 1;
				DEVELOPMENT_ASSET_PATHS = "\"SwiftChat/Preview Content\"";
				DEVELOPMENT_TEAM = 22DQRT3ZLU;
				ENABLE_PREVIEWS = YES;
				GENERATE_INFOPLIST_FILE = YES;
				INFOPLIST_KEY_UIApplicationSceneManifest_Generation = YES;
				INFOPLIST_KEY_UIApplicationSupportsIndirectInputEvents = YES;
				INFOPLIST_KEY_UILaunchScreen_Generation = YES;
				INFOPLIST_KEY_UISupportedInterfaceOrientations_iPad = "UIInterfaceOrientationPortrait UIInterfaceOrientationPortraitUpsideDown UIInterfaceOrientationLandscapeLeft UIInterfaceOrientationLandscapeRight";
				INFOPLIST_KEY_UISupportedInterfaceOrientations_iPhone = "UIInterfaceOrientationPortrait UIInterfaceOrientationLandscapeLeft UIInterfaceOrientationLandscapeRight";
				LD_RUNPATH_SEARCH_PATHS = (
					"$(inherited)",
					"@executable_path/Frameworks",
				);
				MARKETING_VERSION = 1.0;
				PRODUCT_BUNDLE_IDENTIFIER = com.kevvo.SwiftChat;
				PRODUCT_NAME = "$(TARGET_NAME)";
				SWIFT_EMIT_LOC_STRINGS = YES;
				SWIFT_VERSION = 5.0;
				TARGETED_DEVICE_FAMILY = "1,2";
			};
			name = Release;
		};
/* End XCBuildConfiguration section */

/* Begin XCConfigurationList section */
		B40F510B2857CDD8008F7B55 /* Build configuration list for PBXProject "SwiftChat" */ = {
			isa = XCConfigurationList;
			buildConfigurations = (
				B40F511C2857CDDD008F7B55 /* Debug */,
				B40F511D2857CDDD008F7B55 /* Release */,
			);
			defaultConfigurationIsVisible = 0;
			defaultConfigurationName = Release;
		};
		B40F511E2857CDDD008F7B55 /* Build configuration list for PBXNativeTarget "SwiftChat" */ = {
			isa = XCConfigurationList;
			buildConfigurations = (
				B40F511F2857CDDD008F7B55 /* Debug */,
				B40F51202857CDDD008F7B55 /* Release */,
			);
			defaultConfigurationIsVisible = 0;
			defaultConfigurationName = Release;
		};
/* End XCConfigurationList section */

/* Begin XCRemoteSwiftPackageReference section */
		B4946FC6286BA8C400D92DFC /* XCRemoteSwiftPackageReference "SDWebImageSwiftUI" */ = {
			isa = XCRemoteSwiftPackageReference;
			repositoryURL = "https://github.com/SDWebImage/SDWebImageSwiftUI";
			requirement = {
				branch = master;
				kind = branch;
			};
		};
		B4DB5E20285935B200ED2B6A /* XCRemoteSwiftPackageReference "firebase-ios-sdk" */ = {
			isa = XCRemoteSwiftPackageReference;
			repositoryURL = "https://github.com/firebase/firebase-ios-sdk";
			requirement = {
				kind = upToNextMajorVersion;
				minimumVersion = 8.0.0;
			};
		};
/* End XCRemoteSwiftPackageReference section */

/* Begin XCSwiftPackageProductDependency section */
		B4946FC7286BA8C500D92DFC /* SDWebImageSwiftUI */ = {
			isa = XCSwiftPackageProductDependency;
			package = B4946FC6286BA8C400D92DFC /* XCRemoteSwiftPackageReference "SDWebImageSwiftUI" */;
			productName = SDWebImageSwiftUI;
		};
		B4DB5E21285935B200ED2B6A /* FirebaseAuth */ = {
			isa = XCSwiftPackageProductDependency;
			package = B4DB5E20285935B200ED2B6A /* XCRemoteSwiftPackageReference "firebase-ios-sdk" */;
			productName = FirebaseAuth;
		};
		B4DB5E23285935B200ED2B6A /* FirebaseFirestore */ = {
			isa = XCSwiftPackageProductDependency;
			package = B4DB5E20285935B200ED2B6A /* XCRemoteSwiftPackageReference "firebase-ios-sdk" */;
			productName = FirebaseFirestore;
		};
		B4DB5E25285935B200ED2B6A /* FirebaseStorage */ = {
			isa = XCSwiftPackageProductDependency;
			package = B4DB5E20285935B200ED2B6A /* XCRemoteSwiftPackageReference "firebase-ios-sdk" */;
			productName = FirebaseStorage;
		};
/* End XCSwiftPackageProductDependency section */
	};
	rootObject = B40F51082857CDD8008F7B55 /* Project object */;
}
